
Microsoft Visual Studio Solution File, Format Version 12.00
# Visual Studio Version 17
VisualStudioVersion = 17.8.34525.116
MinimumVisualStudioVersion = 10.0.40219.1
Project("{FAE04EC0-301F-11D3-BF4B-00C04F79EFBC}") = "UniTutor", "UniTutor\UniTutor.csproj", "{D10109F1-A202-4D09-8F04-B5D787BA7840}"
EndProject
Global
	GlobalSection(SolutionConfigurationPlatforms) = preSolution
		Debug|Any CPU = Debug|Any CPU
		Release|Any CPU = Release|Any CPU
	EndGlobalSection
	GlobalSection(ProjectConfigurationPlatforms) = postSolution
		{D10109F1-A202-4D09-8F04-B5D787BA7840}.Debug|Any CPU.ActiveCfg = Debug|Any CPU
		{D10109F1-A202-4D09-8F04-B5D787BA7840}.Debug|Any CPU.Build.0 = Debug|Any CPU
		{D10109F1-A202-4D09-8F04-B5D787BA7840}.Release|Any CPU.ActiveCfg = Release|Any CPU
		{D10109F1-A202-4D09-8F04-B5D787BA7840}.Release|Any CPU.Build.0 = Release|Any CPU
	EndGlobalSection
	GlobalSection(SolutionProperties) = preSolution
		HideSolutionNode = FALSE
	EndGlobalSection
	GlobalSection(ExtensibilityGlobals) = postSolution
		SolutionGuid = {8C504CFD-4BFA-447E-B74E-A5BB3305D5DE}
	EndGlobalSection
EndGlobal
